// !$*UTF8*$!
{
	archiveVersion = 1;
	classes = {
	};
	objectVersion = 50;
	objects = {

/* Begin PBXBuildFile section */
		EB8C763526F4708F00C58D05 /* main.swift in Sources */ = {isa = PBXBuildFile; fileRef = EB8C763426F4708F00C58D05 /* main.swift */; };
		EB8C763C26F470E300C58D05 /* Add.metal in Sources */ = {isa = PBXBuildFile; fileRef = EB8C763B26F470E300C58D05 /* Add.metal */; };
		EB8C763F26F4715F00C58D05 /* MetalOperation.swift in Sources */ = {isa = PBXBuildFile; fileRef = EB8C763E26F4715F00C58D05 /* MetalOperation.swift */; };
		EB8C764326F472AE00C58D05 /* MetalOperation.m in Sources */ = {isa = PBXBuildFile; fileRef = EB8C764226F472AE00C58D05 /* MetalOperation.m */; };
/* End PBXBuildFile section */

/* Begin PBXCopyFilesBuildPhase section */
		EB8C762F26F4708F00C58D05 /* CopyFiles */ = {
			isa = PBXCopyFilesBuildPhase;
			buildActionMask = 2147483647;
			dstPath = /usr/share/man/man1/;
			dstSubfolderSpec = 0;
			files = (
			);
			runOnlyForDeploymentPostprocessing = 1;
		};
/* End PBXCopyFilesBuildPhase section */

/* Begin PBXFileReference section */
		EB8C763126F4708F00C58D05 /* MetalCompute */ = {isa = PBXFileReference; explicitFileType = "compiled.mach-o.executable"; includeInIndex = 0; path = MetalCompute; sourceTree = BUILT_PRODUCTS_DIR; };
		EB8C763426F4708F00C58D05 /* main.swift */ = {isa = PBXFileReference; lastKnownFileType = sourcecode.swift; path = main.swift; sourceTree = "<group>"; };
		EB8C763B26F470E300C58D05 /* Add.metal */ = {isa = PBXFileReference; lastKnownFileType = sourcecode.metal; path = Add.metal; sourceTree = "<group>"; };
		EB8C763E26F4715F00C58D05 /* MetalOperation.swift */ = {isa = PBXFileReference; lastKnownFileType = sourcecode.swift; path = MetalOperation.swift; sourceTree = "<group>"; };
		EB8C764026F472AD00C58D05 /* MetalCompute-Bridging-Header.h */ = {isa = PBXFileReference; lastKnownFileType = sourcecode.c.h; path = "MetalCompute-Bridging-Header.h"; sourceTree = "<group>"; };
		EB8C764126F472AE00C58D05 /* MetalOperation.h */ = {isa = PBXFileReference; lastKnownFileType = sourcecode.c.h; path = MetalOperation.h; sourceTree = "<group>"; };
		EB8C764226F472AE00C58D05 /* MetalOperation.m */ = {isa = PBXFileReference; lastKnownFileType = sourcecode.c.objc; path = MetalOperation.m; sourceTree = "<group>"; };
/* End PBXFileReference section */

/* Begin PBXFrameworksBuildPhase section */
		EB8C762E26F4708F00C58D05 /* Frameworks */ = {
			isa = PBXFrameworksBuildPhase;
			buildActionMask = 2147483647;
			files = (
			);
			runOnlyForDeploymentPostprocessing = 0;
		};
/* End PBXFrameworksBuildPhase section */

/* Begin PBXGroup section */
		EB8C762826F4708F00C58D05 = {
			isa = PBXGroup;
			children = (
				EB8C763326F4708F00C58D05 /* MetalCompute */,
				EB8C763226F4708F00C58D05 /* Products */,
			);
			sourceTree = "<group>";
		};
		EB8C763226F4708F00C58D05 /* Products */ = {
			isa = PBXGroup;
			children = (
				EB8C763126F4708F00C58D05 /* MetalCompute */,
			);
			name = Products;
			sourceTree = "<group>";
		};
		EB8C763326F4708F00C58D05 /* MetalCompute */ = {
			isa = PBXGroup;
			children = (
				EB8C763426F4708F00C58D05 /* main.swift */,
				EB8C763E26F4715F00C58D05 /* MetalOperation.swift */,
				EB8C764126F472AE00C58D05 /* MetalOperation.h */,
				EB8C764226F472AE00C58D05 /* MetalOperation.m */,
				EB8C763B26F470E300C58D05 /* Add.metal */,
				EB8C764026F472AD00C58D05 /* MetalCompute-Bridging-Header.h */,
			);
			path = MetalCompute;
			sourceTree = "<group>";
		};
/* End PBXGroup section */

/* Begin PBXNativeTarget section */
		EB8C763026F4708F00C58D05 /* MetalCompute */ = {
			isa = PBXNativeTarget;
			buildConfigurationList = EB8C763826F4708F00C58D05 /* Build configuration list for PBXNativeTarget "MetalCompute" */;
			buildPhases = (
				EB8C762D26F4708F00C58D05 /* Sources */,
				EB8C762E26F4708F00C58D05 /* Frameworks */,
				EB8C762F26F4708F00C58D05 /* CopyFiles */,
			);
			buildRules = (
			);
			dependencies = (
			);
			name = MetalCompute;
			productName = MetalCompute;
			productReference = EB8C763126F4708F00C58D05 /* MetalCompute */;
			productType = "com.apple.product-type.tool";
		};
/* End PBXNativeTarget section */

/* Begin PBXProject section */
		EB8C762926F4708F00C58D05 /* Project object */ = {
			isa = PBXProject;
			attributes = {
				LastSwiftUpdateCheck = 1250;
				LastUpgradeCheck = 1250;
				TargetAttributes = {
					EB8C763026F4708F00C58D05 = {
						CreatedOnToolsVersion = 12.5.1;
						LastSwiftMigration = 1250;
					};
				};
			};
			buildConfigurationList = EB8C762C26F4708F00C58D05 /* Build configuration list for PBXProject "MetalCompute" */;
			compatibilityVersion = "Xcode 9.3";
			developmentRegion = en;
			hasScannedForEncodings = 0;
			knownRegions = (
				en,
				Base,
			);
			mainGroup = EB8C762826F4708F00C58D05;
			productRefGroup = EB8C763226F4708F00C58D05 /* Products */;
			projectDirPath = "";
			projectRoot = "";
			targets = (
				EB8C763026F4708F00C58D05 /* MetalCompute */,
			);
		};
/* End PBXProject section */

/* Begin PBXSourcesBuildPhase section */
		EB8C762D26F4708F00C58D05 /* Sources */ = {
			isa = PBXSourcesBuildPhase;
			buildActionMask = 2147483647;
			files = (
				EB8C763F26F4715F00C58D05 /* MetalOperation.swift in Sources */,
				EB8C763526F4708F00C58D05 /* main.swift in Sources */,
				EB8C763C26F470E300C58D05 /* Add.metal in Sources */,
				EB8C764326F472AE00C58D05 /* MetalOperation.m in Sources */,
			);
			runOnlyForDeploymentPostprocessing = 0;
		};
/* End PBXSourcesBuildPhase section */

/* Begin XCBuildConfiguration section */
		EB8C763626F4708F00C58D05 /* Debug */ = {
			isa = XCBuildConfiguration;
			buildSettings = {
				ALWAYS_SEARCH_USER_PATHS = NO;
				CLANG_ANALYZER_NONNULL = YES;
				CLANG_ANALYZER_NUMBER_OBJECT_CONVERSION = YES_AGGRESSIVE;
				CLANG_CXX_LANGUAGE_STANDARD = "gnu++14";
				CLANG_CXX_LIBRARY = "libc++";
				CLANG_ENABLE_MODULES = YES;
				CLANG_ENABLE_OBJC_ARC = YES;
				CLANG_ENABLE_OBJC_WEAK = YES;
				CLANG_WARN_BLOCK_CAPTURE_AUTORELEASING = YES;
				CLANG_WARN_BOOL_CONVERSION = YES;
				CLANG_WARN_COMMA = YES;
				CLANG_WARN_CONSTANT_CONVERSION = YES;
				CLANG_WARN_DEPRECATED_OBJC_IMPLEMENTATIONS = YES;
				CLANG_WARN_DIRECT_OBJC_ISA_USAGE = YES_ERROR;
				CLANG_WARN_DOCUMENTATION_COMMENTS = YES;
				CLANG_WARN_EMPTY_BODY = YES;
				CLANG_WARN_ENUM_CONVERSION = YES;
				CLANG_WARN_INFINITE_RECURSION = YES;
				CLANG_WARN_INT_CONVERSION = YES;
				CLANG_WARN_NON_LITERAL_NULL_CONVERSION = YES;
				CLANG_WARN_OBJC_IMPLICIT_RETAIN_SELF = YES;
				CLANG_WARN_OBJC_LITERAL_CONVERSION = YES;
				CLANG_WARN_OBJC_ROOT_CLASS = YES_ERROR;
				CLANG_WARN_QUOTED_INCLUDE_IN_FRAMEWORK_HEADER = YES;
				CLANG_WARN_RANGE_LOOP_ANALYSIS = YES;
				CLANG_WARN_STRICT_PROTOTYPES = YES;
				CLANG_WARN_SUSPICIOUS_MOVE = YES;
				CLANG_WARN_UNGUARDED_AVAILABILITY = YES_AGGRESSIVE;
				CLANG_WARN_UNREACHABLE_CODE = YES;
				CLANG_WARN__DUPLICATE_METHOD_MATCH = YES;
				COPY_PHASE_STRIP = NO;
				DEBUG_INFORMATION_FORMAT = dwarf;
				ENABLE_STRICT_OBJC_MSGSEND = YES;
				ENABLE_TESTABILITY = YES;
				GCC_C_LANGUAGE_STANDARD = gnu11;
				GCC_DYNAMIC_NO_PIC = NO;
				GCC_NO_COMMON_BLOCKS = YES;
				GCC_OPTIMIZATION_LEVEL = 0;
				GCC_PREPROCESSOR_DEFINITIONS = (
					"DEBUG=1",
					"$(inherited)",
				);
				GCC_WARN_64_TO_32_BIT_CONVERSION = YES;
				GCC_WARN_ABOUT_RETURN_TYPE = YES_ERROR;
				GCC_WARN_UNDECLARED_SELECTOR = YES;
				GCC_WARN_UNINITIALIZED_AUTOS = YES_AGGRESSIVE;
				GCC_WARN_UNUSED_FUNCTION = YES;
				GCC_WARN_UNUSED_VARIABLE = YES;
				MACOSX_DEPLOYMENT_TARGET = 11.3;
				MTL_ENABLE_DEBUG_INFO = INCLUDE_SOURCE;
				MTL_FAST_MATH = YES;
				ONLY_ACTIVE_ARCH = YES;
				SDKROOT = macosx;
				SWIFT_ACTIVE_COMPILATION_CONDITIONS = DEBUG;
				SWIFT_OPTIMIZATION_LEVEL = "-Onone";
			};
			name = Debug;
		};
		EB8C763726F4708F00C58D05 /* Release */ = {
			isa = XCBuildConfiguration;
			buildSettings = {
				ALWAYS_SEARCH_USER_PATHS = NO;
				CLANG_ANALYZER_NONNULL = YES;
				CLANG_ANALYZER_NUMBER_OBJECT_CONVERSION = YES_AGGRESSIVE;
				CLANG_CXX_LANGUAGE_STANDARD = "gnu++14";
				CLANG_CXX_LIBRARY = "libc++";
				CLANG_ENABLE_MODULES = YES;
				CLANG_ENABLE_OBJC_ARC = YES;
				CLANG_ENABLE_OBJC_WEAK = YES;
				CLANG_WARN_BLOCK_CAPTURE_AUTORELEASING = YES;
				CLANG_WARN_BOOL_CONVERSION = YES;
				CLANG_WARN_COMMA = YES;
				CLANG_WARN_CONSTANT_CONVERSION = YES;
				CLANG_WARN_DEPRECATED_OBJC_IMPLEMENTATIONS = YES;
				CLANG_WARN_DIRECT_OBJC_ISA_USAGE = YES_ERROR;
				CLANG_WARN_DOCUMENTATION_COMMENTS = YES;
				CLANG_WARN_EMPTY_BODY = YES;
				CLANG_WARN_ENUM_CONVERSION = YES;
				CLANG_WARN_INFINITE_RECURSION = YES;
				CLANG_WARN_INT_CONVERSION = YES;
				CLANG_WARN_NON_LITERAL_NULL_CONVERSION = YES;
				CLANG_WARN_OBJC_IMPLICIT_RETAIN_SELF = YES;
				CLANG_WARN_OBJC_LITERAL_CONVERSION = YES;
				CLANG_WARN_OBJC_ROOT_CLASS = YES_ERROR;
				CLANG_WARN_QUOTED_INCLUDE_IN_FRAMEWORK_HEADER = YES;
				CLANG_WARN_RANGE_LOOP_ANALYSIS = YES;
				CLANG_WARN_STRICT_PROTOTYPES = YES;
				CLANG_WARN_SUSPICIOUS_MOVE = YES;
				CLANG_WARN_UNGUARDED_AVAILABILITY = YES_AGGRESSIVE;
				CLANG_WARN_UNREACHABLE_CODE = YES;
				CLANG_WARN__DUPLICATE_METHOD_MATCH = YES;
				COPY_PHASE_STRIP = NO;
				DEBUG_INFORMATION_FORMAT = "dwarf-with-dsym";
				ENABLE_NS_ASSERTIONS = NO;
				ENABLE_STRICT_OBJC_MSGSEND = YES;
				GCC_C_LANGUAGE_STANDARD = gnu11;
				GCC_NO_COMMON_BLOCKS = YES;
				GCC_WARN_64_TO_32_BIT_CONVERSION = YES;
				GCC_WARN_ABOUT_RETURN_TYPE = YES_ERROR;
				GCC_WARN_UNDECLARED_SELECTOR = YES;
				GCC_WARN_UNINITIALIZED_AUTOS = YES_AGGRESSIVE;
				GCC_WARN_UNUSED_FUNCTION = YES;
				GCC_WARN_UNUSED_VARIABLE = YES;
				MACOSX_DEPLOYMENT_TARGET = 11.3;
				MTL_ENABLE_DEBUG_INFO = NO;
				MTL_FAST_MATH = YES;
				SDKROOT = macosx;
				SWIFT_COMPILATION_MODE = wholemodule;
				SWIFT_OPTIMIZATION_LEVEL = "-O";
			};
			name = Release;
		};
		EB8C763926F4708F00C58D05 /* Debug */ = {
			isa = XCBuildConfiguration;
			buildSettings = {
				CLANG_ENABLE_MODULES = YES;
				CODE_SIGN_STYLE = Automatic;
				LD_RUNPATH_SEARCH_PATHS = (
					"$(inherited)",
					"@executable_path/../Frameworks",
					"@loader_path/../Frameworks",
				);
				PRODUCT_NAME = "$(TARGET_NAME)";
				SWIFT_OBJC_BRIDGING_HEADER = "MetalCompute/MetalCompute-Bridging-Header.h";
				SWIFT_OPTIMIZATION_LEVEL = "-Onone";
				SWIFT_VERSION = 5.0;
			};
			name = Debug;
		};
		EB8C763A26F4708F00C58D05 /* Release */ = {
			isa = XCBuildConfiguration;
			buildSettings = {
				CLANG_ENABLE_MODULES = YES;
				CODE_SIGN_STYLE = Automatic;
				LD_RUNPATH_SEARCH_PATHS = (
					"$(inherited)",
					"@executable_path/../Frameworks",
					"@loader_path/../Frameworks",
				);
				PRODUCT_NAME = "$(TARGET_NAME)";
				SWIFT_OBJC_BRIDGING_HEADER = "MetalCompute/MetalCompute-Bridging-Header.h";
				SWIFT_VERSION = 5.0;
			};
			name = Release;
		};
/* End XCBuildConfiguration section */

/* Begin XCConfigurationList section */
		EB8C762C26F4708F00C58D05 /* Build configuration list for PBXProject "MetalCompute" */ = {
			isa = XCConfigurationList;
			buildConfigurations = (
				EB8C763626F4708F00C58D05 /* Debug */,
				EB8C763726F4708F00C58D05 /* Release */,
			);
			defaultConfigurationIsVisible = 0;
			defaultConfigurationName = Release;
		};
		EB8C763826F4708F00C58D05 /* Build configuration list for PBXNativeTarget "MetalCompute" */ = {
			isa = XCConfigurationList;
			buildConfigurations = (
				EB8C763926F4708F00C58D05 /* Debug */,
				EB8C763A26F4708F00C58D05 /* Release */,
			);
			defaultConfigurationIsVisible = 0;
			defaultConfigurationName = Release;
		};
/* End XCConfigurationList section */
	};
	rootObject = EB8C762926F4708F00C58D05 /* Project object */;
}
